
Microsoft Visual Studio Solution File, Format Version 12.00
# Visual Studio 14
VisualStudioVersion = 14.0.25420.1
MinimumVisualStudioVersion = 10.0.40219.1
Project("{FAE04EC0-301F-11D3-BF4B-00C04F79EFBC}") = "Application", "Application\Application.csproj", "{79C59DDF-13BA-4ED4-9840-63A7A42571C4}"
EndProject
Project("{FAE04EC0-301F-11D3-BF4B-00C04F79EFBC}") = "Web", "Web\Web.csproj", "{C9C04BF3-712C-45A1-A27C-506C4FA71871}"
EndProject
Project("{2150E333-8FDC-42A3-9474-1A3956D46DE8}") = "Tests", "Tests", "{FB83C9D4-9EB2-4CDC-BFD7-10F51F096106}"
EndProject
Project("{FAE04EC0-301F-11D3-BF4B-00C04F79EFBC}") = "Integration", "Tests\Integration\Integration\Integration.csproj", "{E59F6295-20B4-43F5-840B-FCAEE9E95A61}"
EndProject
Project("{FAE04EC0-301F-11D3-BF4B-00C04F79EFBC}") = "NpiDataProcessor", "NpiDataProcessor\NpiDataProcessor.csproj", "{F0D3C59C-466D-492A-9CFC-A041CA4B1620}"
EndProject
Global
	GlobalSection(SolutionConfigurationPlatforms) = preSolution
		Debug|Any CPU = Debug|Any CPU
		Release|Any CPU = Release|Any CPU
	EndGlobalSection
	GlobalSection(ProjectConfigurationPlatforms) = postSolution
		{79C59DDF-13BA-4ED4-9840-63A7A42571C4}.Debug|Any CPU.ActiveCfg = Debug|Any CPU
		{79C59DDF-13BA-4ED4-9840-63A7A42571C4}.Debug|Any CPU.Build.0 = Debug|Any CPU
		{79C59DDF-13BA-4ED4-9840-63A7A42571C4}.Release|Any CPU.ActiveCfg = Release|Any CPU
		{79C59DDF-13BA-4ED4-9840-63A7A42571C4}.Release|Any CPU.Build.0 = Release|Any CPU
		{C9C04BF3-712C-45A1-A27C-506C4FA71871}.Debug|Any CPU.ActiveCfg = Debug|Any CPU
		{C9C04BF3-712C-45A1-A27C-506C4FA71871}.Debug|Any CPU.Build.0 = Debug|Any CPU
		{C9C04BF3-712C-45A1-A27C-506C4FA71871}.Release|Any CPU.ActiveCfg = Release|Any CPU
		{C9C04BF3-712C-45A1-A27C-506C4FA71871}.Release|Any CPU.Build.0 = Release|Any CPU
		{E59F6295-20B4-43F5-840B-FCAEE9E95A61}.Debug|Any CPU.ActiveCfg = Debug|Any CPU
		{E59F6295-20B4-43F5-840B-FCAEE9E95A61}.Debug|Any CPU.Build.0 = Debug|Any CPU
		{E59F6295-20B4-43F5-840B-FCAEE9E95A61}.Release|Any CPU.ActiveCfg = Release|Any CPU
		{E59F6295-20B4-43F5-840B-FCAEE9E95A61}.Release|Any CPU.Build.0 = Release|Any CPU
		{F0D3C59C-466D-492A-9CFC-A041CA4B1620}.Debug|Any CPU.ActiveCfg = Debug|Any CPU
		{F0D3C59C-466D-492A-9CFC-A041CA4B1620}.Debug|Any CPU.Build.0 = Debug|Any CPU
		{F0D3C59C-466D-492A-9CFC-A041CA4B1620}.Release|Any CPU.ActiveCfg = Release|Any CPU
		{F0D3C59C-466D-492A-9CFC-A041CA4B1620}.Release|Any CPU.Build.0 = Release|Any CPU
	EndGlobalSection
	GlobalSection(SolutionProperties) = preSolution
		HideSolutionNode = FALSE
	EndGlobalSection
	GlobalSection(NestedProjects) = preSolution
		{E59F6295-20B4-43F5-840B-FCAEE9E95A61} = {FB83C9D4-9EB2-4CDC-BFD7-10F51F096106}
	EndGlobalSection
EndGlobal
